
Microsoft Visual Studio Solution File, Format Version 12.00
# Visual Studio 14
VisualStudioVersion = 14.0.23107.0
MinimumVisualStudioVersion = 10.0.40219.1
Project("{8BC9CEB8-8B4A-11D0-8D11-00A0C91BC942}") = "ArduBoardControler_Rx", "ArduBoardControler_Rx\ArduBoardControler_Rx.vcxproj", "{536B2C47-DA3A-4183-AB96-DB43934DD373}"
EndProject
Project("{8BC9CEB8-8B4A-11D0-8D11-00A0C91BC942}") = "ArduBoardControler_TX", "ArduBoardControler_TX\ArduBoardControler_TX.vcxproj", "{F2F08E6F-F1C2-4333-8DB6-639F7665D11D}"
EndProject
Global
	GlobalSection(SolutionConfigurationPlatforms) = preSolution
		Debug|x86 = Debug|x86
		Release|x86 = Release|x86
	EndGlobalSection
	GlobalSection(ProjectConfigurationPlatforms) = postSolution
		{536B2C47-DA3A-4183-AB96-DB43934DD373}.Debug|x86.ActiveCfg = Debug|Win32
		{536B2C47-DA3A-4183-AB96-DB43934DD373}.Debug|x86.Build.0 = Debug|Win32
		{536B2C47-DA3A-4183-AB96-DB43934DD373}.Release|x86.ActiveCfg = Release|Win32
		{536B2C47-DA3A-4183-AB96-DB43934DD373}.Release|x86.Build.0 = Release|Win32
		{F2F08E6F-F1C2-4333-8DB6-639F7665D11D}.Debug|x86.ActiveCfg = Debug|Win32
		{F2F08E6F-F1C2-4333-8DB6-639F7665D11D}.Debug|x86.Build.0 = Debug|Win32
		{F2F08E6F-F1C2-4333-8DB6-639F7665D11D}.Release|x86.ActiveCfg = Release|Win32
		{F2F08E6F-F1C2-4333-8DB6-639F7665D11D}.Release|x86.Build.0 = Release|Win32
	EndGlobalSection
	GlobalSection(SolutionProperties) = preSolution
		HideSolutionNode = FALSE
	EndGlobalSection
EndGlobal
